{
  "name": "points-in-polygon",
  "version": "1.0.1",
  "lockfileVersion": 1,
  "requires": true,
  "dependencies": {
    "points-in-polygons": {
      "version": "1.0.2",
      "resolved": "https://registry.npmjs.org/points-in-polygons/-/points-in-polygons-1.0.2.tgz",
      "integrity": "sha512-LVh13UJqshKd+qvsFTQIQtZg5+uMtCqSdMf6nhXADN+9wvUbOt9clCLfJCnZLH9TCW9xi32rs8PVzfG95R2vrg=="
    }
  }
}
